
Microsoft Visual Studio Solution File, Format Version 12.00
# Visual Studio Version 16
VisualStudioVersion = 16.0.30804.86
MinimumVisualStudioVersion = 10.0.40219.1
Project("{FAE04EC0-301F-11D3-BF4B-00C04F79EFBC}") = "EXresturant", "EXresturant\EXresturant.csproj", "{7F5BBD16-27EB-4E46-A4CE-BBD48D6B2D24}"
EndProject
Global
	GlobalSection(SolutionConfigurationPlatforms) = preSolution
		Debug|Any CPU = Debug|Any CPU
		Release|Any CPU = Release|Any CPU
	EndGlobalSection
	GlobalSection(ProjectConfigurationPlatforms) = postSolution
		{7F5BBD16-27EB-4E46-A4CE-BBD48D6B2D24}.Debug|Any CPU.ActiveCfg = Debug|Any CPU
		{7F5BBD16-27EB-4E46-A4CE-BBD48D6B2D24}.Debug|Any CPU.Build.0 = Debug|Any CPU
		{7F5BBD16-27EB-4E46-A4CE-BBD48D6B2D24}.Release|Any CPU.ActiveCfg = Release|Any CPU
		{7F5BBD16-27EB-4E46-A4CE-BBD48D6B2D24}.Release|Any CPU.Build.0 = Release|Any CPU
	EndGlobalSection
	GlobalSection(SolutionProperties) = preSolution
		HideSolutionNode = FALSE
	EndGlobalSection
	GlobalSection(ExtensibilityGlobals) = postSolution
		SolutionGuid = {A8003066-AE50-40F5-8959-AA873E315DFD}
	EndGlobalSection
EndGlobal
